<?xml version="1.0" encoding="utf-8"?>
<Project ToolsVersion="4.0" xmlns="http://schemas.microsoft.com/developer/msbuild/2003">
  <ItemGroup>
    <Filter Include="Source Files">
      <UniqueIdentifier>{4FC737F1-C7A5-4376-A066-2A32D752A2FF}</UniqueIdentifier>
      <Extensions>cpp;c;cc;cxx;def;odl;idl;hpj;bat;asm;asmx</Extensions>
    </Filter>
    <Filter Include="Header Files">
      <UniqueIdentifier>{93995380-89BD-4b04-88EB-625FBE52EBFB}</UniqueIdentifier>
      <Extensions>h;hh;hpp;hxx;hm;inl;inc;xsd</Extensions>
    </Filter>
    <Filter Include="Resource Files">
      <UniqueIdentifier>{67DA6AB6-F800-4c08-8B7A-83BB121AAD01}</UniqueIdentifier>
      <Extensions>rc;ico;cur;bmp;dlg;rc2;rct;bin;rgs;gif;jpg;jpeg;jpe;resx;tiff;tif;png;wav;mfcribbon-ms</Extensions>
    </Filter>
    <Filter Include="axme">
      <UniqueIdentifier>{807de912-1878-42f7-abbd-d29a77a9a0f9}</UniqueIdentifier>
    </Filter>
    <Filter Include="axme\media">
      <UniqueIdentifier>{440bf2d0-e494-4d29-b58d-d0efd1de4fc7}</UniqueIdentifier>
    </Filter>
    <Filter Include="axme\yasio">
      <UniqueIdentifier>{09bbdd51-12d0-417b-8b46-b7994ee87767}</UniqueIdentifier>
    </Filter>
  </ItemGroup>
  <ItemGroup>
    <Text Include="ReadMe.txt" />
  </ItemGroup>
  <ItemGroup>
    <ClInclude Include="targetver.h">
      <Filter>Header Files</Filter>
    </ClInclude>
    <ClInclude Include="Resource.h">
      <Filter>Header Files</Filter>
    </ClInclude>
    <ClInclude Include="D3D11NV12Rendering.h">
      <Filter>Header Files</Filter>
    </ClInclude>
    <ClInclude Include="CommonTypes.h">
      <Filter>Header Files</Filter>
    </ClInclude>
    <ClInclude Include="OutputManager.h">
      <Filter>Header Files</Filter>
    </ClInclude>
    <ClInclude Include="axme\media\AvfMediaEngine.h">
      <Filter>axme\media</Filter>
    </ClInclude>
    <ClInclude Include="axme\media\MediaEngine.h">
      <Filter>axme\media</Filter>
    </ClInclude>
    <ClInclude Include="axme\media\MfMediaEngine.h">
      <Filter>axme\media</Filter>
    </ClInclude>
    <ClInclude Include="axme\media\MFUtils.h">
      <Filter>axme\media</Filter>
    </ClInclude>
    <ClInclude Include="axme\media\WmfMediaEngine.h">
      <Filter>axme\media</Filter>
    </ClInclude>
  </ItemGroup>
  <ItemGroup>
    <ClCompile Include="D3D11NV12Rendering.cpp">
      <Filter>Source Files</Filter>
    </ClCompile>
    <ClCompile Include="OutputManager.cpp">
      <Filter>Source Files</Filter>
    </ClCompile>
    <ClCompile Include="axme\media\MediaEngine.cpp">
      <Filter>axme\media</Filter>
    </ClCompile>
    <ClCompile Include="axme\media\MfMediaEngine.cpp">
      <Filter>axme\media</Filter>
    </ClCompile>
    <ClCompile Include="axme\media\MFUtils.cpp">
      <Filter>axme\media</Filter>
    </ClCompile>
    <ClCompile Include="axme\media\WmfMediaEngine.cpp">
      <Filter>axme\media</Filter>
    </ClCompile>
  </ItemGroup>
  <ItemGroup>
    <ResourceCompile Include="D3D11NV12Rendering.rc">
      <Filter>Resource Files</Filter>
    </ResourceCompile>
  </ItemGroup>
  <ItemGroup>
    <Image Include="small.ico">
      <Filter>Resource Files</Filter>
    </Image>
    <Image Include="D3D11NV12Rendering.ico">
      <Filter>Resource Files</Filter>
    </Image>
  </ItemGroup>
  <ItemGroup>
    <FxCompile Include="PixelShader.hlsl">
      <Filter>Source Files</Filter>
    </FxCompile>
    <FxCompile Include="VertexShader.hlsl">
      <Filter>Source Files</Filter>
    </FxCompile>
  </ItemGroup>
  <ItemGroup>
    <None Include="axme\media\AvfMediaEngine.mm">
      <Filter>axme\media</Filter>
    </None>
  </ItemGroup>
  <ItemGroup>
    <Natvis Include="axme\yasio\yasio.natvis">
      <Filter>axme\yasio</Filter>
    </Natvis>
  </ItemGroup>
</Project>